// !$*UTF8*$!
{
	archiveVersion = 1;
	classes = {
	};
	objectVersion = 56;
	objects = {

/* Begin PBXBuildFile section */
		EF4E99E92C0EEC7B00DFA40B /* AppDelegate.swift in Sources */ = {isa = PBXBuildFile; fileRef = EF4E99E82C0EEC7B00DFA40B /* AppDelegate.swift */; };
		EF4E99EB2C0EEC7B00DFA40B /* SceneDelegate.swift in Sources */ = {isa = PBXBuildFile; fileRef = EF4E99EA2C0EEC7B00DFA40B /* SceneDelegate.swift */; };
		EF4E99ED2C0EEC7B00DFA40B /* ViewController.swift in Sources */ = {isa = PBXBuildFile; fileRef = EF4E99EC2C0EEC7B00DFA40B /* ViewController.swift */; };
		EF4E99F02C0EEC7B00DFA40B /* Base in Resources */ = {isa = PBXBuildFile; fileRef = EF4E99EF2C0EEC7B00DFA40B /* Base */; };
		EF4E99F22C0EEC7E00DFA40B /* Assets.xcassets in Resources */ = {isa = PBXBuildFile; fileRef = EF4E99F12C0EEC7E00DFA40B /* Assets.xcassets */; };
		EF4E99F52C0EEC7E00DFA40B /* Base in Resources */ = {isa = PBXBuildFile; fileRef = EF4E99F42C0EEC7E00DFA40B /* Base */; };
		EF4E99FD2C0EED8A00DFA40B /* CustomView.swift in Sources */ = {isa = PBXBuildFile; fileRef = EF4E99FC2C0EED8A00DFA40B /* CustomView.swift */; };
		EF4E99FF2C0EEDAA00DFA40B /* CustomView.xib in Resources */ = {isa = PBXBuildFile; fileRef = EF4E99FE2C0EEDAA00DFA40B /* CustomView.xib */; };
/* End PBXBuildFile section */

/* Begin PBXFileReference section */
		EF4E99E52C0EEC7B00DFA40B /* xib-1.app */ = {isa = PBXFileReference; explicitFileType = wrapper.application; includeInIndex = 0; path = "xib-1.app"; sourceTree = BUILT_PRODUCTS_DIR; };
		EF4E99E82C0EEC7B00DFA40B /* AppDelegate.swift */ = {isa = PBXFileReference; lastKnownFileType = sourcecode.swift; path = AppDelegate.swift; sourceTree = "<group>"; };
		EF4E99EA2C0EEC7B00DFA40B /* SceneDelegate.swift */ = {isa = PBXFileReference; lastKnownFileType = sourcecode.swift; path = SceneDelegate.swift; sourceTree = "<group>"; };
		EF4E99EC2C0EEC7B00DFA40B /* ViewController.swift */ = {isa = PBXFileReference; lastKnownFileType = sourcecode.swift; path = ViewController.swift; sourceTree = "<group>"; };
		EF4E99EF2C0EEC7B00DFA40B /* Base */ = {isa = PBXFileReference; lastKnownFileType = file.storyboard; name = Base; path = Base.lproj/Main.storyboard; sourceTree = "<group>"; };
		EF4E99F12C0EEC7E00DFA40B /* Assets.xcassets */ = {isa = PBXFileReference; lastKnownFileType = folder.assetcatalog; path = Assets.xcassets; sourceTree = "<group>"; };
		EF4E99F42C0EEC7E00DFA40B /* Base */ = {isa = PBXFileReference; lastKnownFileType = file.storyboard; name = Base; path = Base.lproj/LaunchScreen.storyboard; sourceTree = "<group>"; };
		EF4E99F62C0EEC7E00DFA40B /* Info.plist */ = {isa = PBXFileReference; lastKnownFileType = text.plist.xml; path = Info.plist; sourceTree = "<group>"; };
		EF4E99FC2C0EED8A00DFA40B /* CustomView.swift */ = {isa = PBXFileReference; lastKnownFileType = sourcecode.swift; path = CustomView.swift; sourceTree = "<group>"; };
		EF4E99FE2C0EEDAA00DFA40B /* CustomView.xib */ = {isa = PBXFileReference; lastKnownFileType = file.xib; path = CustomView.xib; sourceTree = "<group>"; };
/* End PBXFileReference section */

/* Begin PBXFrameworksBuildPhase section */
		EF4E99E22C0EEC7B00DFA40B /* Frameworks */ = {
			isa = PBXFrameworksBuildPhase;
			buildActionMask = 2147483647;
			files = (
			);
			runOnlyForDeploymentPostprocessing = 0;
		};
/* End PBXFrameworksBuildPhase section */

/* Begin PBXGroup section */
		EF4E99DC2C0EEC7B00DFA40B = {
			isa = PBXGroup;
			children = (
				EF4E99E72C0EEC7B00DFA40B /* xib-1 */,
				EF4E99E62C0EEC7B00DFA40B /* Products */,
			);
			sourceTree = "<group>";
		};
		EF4E99E62C0EEC7B00DFA40B /* Products */ = {
			isa = PBXGroup;
			children = (
				EF4E99E52C0EEC7B00DFA40B /* xib-1.app */,
			);
			name = Products;
			sourceTree = "<group>";
		};
		EF4E99E72C0EEC7B00DFA40B /* xib-1 */ = {
			isa = PBXGroup;
			children = (
				EF4E99E82C0EEC7B00DFA40B /* AppDelegate.swift */,
				EF4E99EA2C0EEC7B00DFA40B /* SceneDelegate.swift */,
				EF4E99EC2C0EEC7B00DFA40B /* ViewController.swift */,
				EF4E99FC2C0EED8A00DFA40B /* CustomView.swift */,
				EF4E99FE2C0EEDAA00DFA40B /* CustomView.xib */,
				EF4E99EE2C0EEC7B00DFA40B /* Main.storyboard */,
				EF4E99F12C0EEC7E00DFA40B /* Assets.xcassets */,
				EF4E99F32C0EEC7E00DFA40B /* LaunchScreen.storyboard */,
				EF4E99F62C0EEC7E00DFA40B /* Info.plist */,
			);
			path = "xib-1";
			sourceTree = "<group>";
		};
/* End PBXGroup section */

/* Begin PBXNativeTarget section */
		EF4E99E42C0EEC7B00DFA40B /* xib-1 */ = {
			isa = PBXNativeTarget;
			buildConfigurationList = EF4E99F92C0EEC7E00DFA40B /* Build configuration list for PBXNativeTarget "xib-1" */;
			buildPhases = (
				EF4E99E12C0EEC7B00DFA40B /* Sources */,
				EF4E99E22C0EEC7B00DFA40B /* Frameworks */,
				EF4E99E32C0EEC7B00DFA40B /* Resources */,
			);
			buildRules = (
			);
			dependencies = (
			);
			name = "xib-1";
			productName = "xib-1";
			productReference = EF4E99E52C0EEC7B00DFA40B /* xib-1.app */;
			productType = "com.apple.product-type.application";
		};
/* End PBXNativeTarget section */

/* Begin PBXProject section */
		EF4E99DD2C0EEC7B00DFA40B /* Project object */ = {
			isa = PBXProject;
			attributes = {
				BuildIndependentTargetsInParallel = 1;
				LastSwiftUpdateCheck = 1540;
				LastUpgradeCheck = 1540;
				TargetAttributes = {
					EF4E99E42C0EEC7B00DFA40B = {
						CreatedOnToolsVersion = 15.4;
					};
				};
			};
			buildConfigurationList = EF4E99E02C0EEC7B00DFA40B /* Build configuration list for PBXProject "xib-1" */;
			compatibilityVersion = "Xcode 14.0";
			developmentRegion = en;
			hasScannedForEncodings = 0;
			knownRegions = (
				en,
				Base,
			);
			mainGroup = EF4E99DC2C0EEC7B00DFA40B;
			productRefGroup = EF4E99E62C0EEC7B00DFA40B /* Products */;
			projectDirPath = "";
			projectRoot = "";
			targets = (
				EF4E99E42C0EEC7B00DFA40B /* xib-1 */,
			);
		};
/* End PBXProject section */

/* Begin PBXResourcesBuildPhase section */
		EF4E99E32C0EEC7B00DFA40B /* Resources */ = {
			isa = PBXResourcesBuildPhase;
			buildActionMask = 2147483647;
			files = (
				EF4E99F22C0EEC7E00DFA40B /* Assets.xcassets in Resources */,
				EF4E99FF2C0EEDAA00DFA40B /* CustomView.xib in Resources */,
				EF4E99F52C0EEC7E00DFA40B /* Base in Resources */,
				EF4E99F02C0EEC7B00DFA40B /* Base in Resources */,
			);
			runOnlyForDeploymentPostprocessing = 0;
		};
/* End PBXResourcesBuildPhase section */

/* Begin PBXSourcesBuildPhase section */
		EF4E99E12C0EEC7B00DFA40B /* Sources */ = {
			isa = PBXSourcesBuildPhase;
			buildActionMask = 2147483647;
			files = (
				EF4E99ED2C0EEC7B00DFA40B /* ViewController.swift in Sources */,
				EF4E99FD2C0EED8A00DFA40B /* CustomView.swift in Sources */,
				EF4E99E92C0EEC7B00DFA40B /* AppDelegate.swift in Sources */,
				EF4E99EB2C0EEC7B00DFA40B /* SceneDelegate.swift in Sources */,
			);
			runOnlyForDeploymentPostprocessing = 0;
		};
/* End PBXSourcesBuildPhase section */

/* Begin PBXVariantGroup section */
		EF4E99EE2C0EEC7B00DFA40B /* Main.storyboard */ = {
			isa = PBXVariantGroup;
			children = (
				EF4E99EF2C0EEC7B00DFA40B /* Base */,
			);
			name = Main.storyboard;
			sourceTree = "<group>";
		};
		EF4E99F32C0EEC7E00DFA40B /* LaunchScreen.storyboard */ = {
			isa = PBXVariantGroup;
			children = (
				EF4E99F42C0EEC7E00DFA40B /* Base */,
			);
			name = LaunchScreen.storyboard;
			sourceTree = "<group>";
		};
/* End PBXVariantGroup section */

/* Begin XCBuildConfiguration section */
		EF4E99F72C0EEC7E00DFA40B /* Debug */ = {
			isa = XCBuildConfiguration;
			buildSettings = {
				ALWAYS_SEARCH_USER_PATHS = NO;
				ASSETCATALOG_COMPILER_GENERATE_SWIFT_ASSET_SYMBOL_EXTENSIONS = YES;
				CLANG_ANALYZER_NONNULL = YES;
				CLANG_ANALYZER_NUMBER_OBJECT_CONVERSION = YES_AGGRESSIVE;
				CLANG_CXX_LANGUAGE_STANDARD = "gnu++20";
				CLANG_ENABLE_MODULES = YES;
				CLANG_ENABLE_OBJC_ARC = YES;
				CLANG_ENABLE_OBJC_WEAK = YES;
				CLANG_WARN_BLOCK_CAPTURE_AUTORELEASING = YES;
				CLANG_WARN_BOOL_CONVERSION = YES;
				CLANG_WARN_COMMA = YES;
				CLANG_WARN_CONSTANT_CONVERSION = YES;
				CLANG_WARN_DEPRECATED_OBJC_IMPLEMENTATIONS = YES;
				CLANG_WARN_DIRECT_OBJC_ISA_USAGE = YES_ERROR;
				CLANG_WARN_DOCUMENTATION_COMMENTS = YES;
				CLANG_WARN_EMPTY_BODY = YES;
				CLANG_WARN_ENUM_CONVERSION = YES;
				CLANG_WARN_INFINITE_RECURSION = YES;
				CLANG_WARN_INT_CONVERSION = YES;
				CLANG_WARN_NON_LITERAL_NULL_CONVERSION = YES;
				CLANG_WARN_OBJC_IMPLICIT_RETAIN_SELF = YES;
				CLANG_WARN_OBJC_LITERAL_CONVERSION = YES;
				CLANG_WARN_OBJC_ROOT_CLASS = YES_ERROR;
				CLANG_WARN_QUOTED_INCLUDE_IN_FRAMEWORK_HEADER = YES;
				CLANG_WARN_RANGE_LOOP_ANALYSIS = YES;
				CLANG_WARN_STRICT_PROTOTYPES = YES;
				CLANG_WARN_SUSPICIOUS_MOVE = YES;
				CLANG_WARN_UNGUARDED_AVAILABILITY = YES_AGGRESSIVE;
				CLANG_WARN_UNREACHABLE_CODE = YES;
				CLANG_WARN__DUPLICATE_METHOD_MATCH = YES;
				COPY_PHASE_STRIP = NO;
				DEBUG_INFORMATION_FORMAT = dwarf;
				ENABLE_STRICT_OBJC_MSGSEND = YES;
				ENABLE_TESTABILITY = YES;
				ENABLE_USER_SCRIPT_SANDBOXING = YES;
				GCC_C_LANGUAGE_STANDARD = gnu17;
				GCC_DYNAMIC_NO_PIC = NO;
				GCC_NO_COMMON_BLOCKS = YES;
				GCC_OPTIMIZATION_LEVEL = 0;
				GCC_PREPROCESSOR_DEFINITIONS = (
					"DEBUG=1",
					"$(inherited)",
				);
				GCC_WARN_64_TO_32_BIT_CONVERSION = YES;
				GCC_WARN_ABOUT_RETURN_TYPE = YES_ERROR;
				GCC_WARN_UNDECLARED_SELECTOR = YES;
				GCC_WARN_UNINITIALIZED_AUTOS = YES_AGGRESSIVE;
				GCC_WARN_UNUSED_FUNCTION = YES;
				GCC_WARN_UNUSED_VARIABLE = YES;
				IPHONEOS_DEPLOYMENT_TARGET = 17.5;
				LOCALIZATION_PREFERS_STRING_CATALOGS = YES;
				MTL_ENABLE_DEBUG_INFO = INCLUDE_SOURCE;
				MTL_FAST_MATH = YES;
				ONLY_ACTIVE_ARCH = YES;
				SDKROOT = iphoneos;
				SWIFT_ACTIVE_COMPILATION_CONDITIONS = "DEBUG $(inherited)";
				SWIFT_OPTIMIZATION_LEVEL = "-Onone";
			};
			name = Debug;
		};
		EF4E99F82C0EEC7E00DFA40B /* Release */ = {
			isa = XCBuildConfiguration;
			buildSettings = {
				ALWAYS_SEARCH_USER_PATHS = NO;
				ASSETCATALOG_COMPILER_GENERATE_SWIFT_ASSET_SYMBOL_EXTENSIONS = YES;
				CLANG_ANALYZER_NONNULL = YES;
				CLANG_ANALYZER_NUMBER_OBJECT_CONVERSION = YES_AGGRESSIVE;
				CLANG_CXX_LANGUAGE_STANDARD = "gnu++20";
				CLANG_ENABLE_MODULES = YES;
				CLANG_ENABLE_OBJC_ARC = YES;
				CLANG_ENABLE_OBJC_WEAK = YES;
				CLANG_WARN_BLOCK_CAPTURE_AUTORELEASING = YES;
				CLANG_WARN_BOOL_CONVERSION = YES;
				CLANG_WARN_COMMA = YES;
				CLANG_WARN_CONSTANT_CONVERSION = YES;
				CLANG_WARN_DEPRECATED_OBJC_IMPLEMENTATIONS = YES;
				CLANG_WARN_DIRECT_OBJC_ISA_USAGE = YES_ERROR;
				CLANG_WARN_DOCUMENTATION_COMMENTS = YES;
				CLANG_WARN_EMPTY_BODY = YES;
				CLANG_WARN_ENUM_CONVERSION = YES;
				CLANG_WARN_INFINITE_RECURSION = YES;
				CLANG_WARN_INT_CONVERSION = YES;
				CLANG_WARN_NON_LITERAL_NULL_CONVERSION = YES;
				CLANG_WARN_OBJC_IMPLICIT_RETAIN_SELF = YES;
				CLANG_WARN_OBJC_LITERAL_CONVERSION = YES;
				CLANG_WARN_OBJC_ROOT_CLASS = YES_ERROR;
				CLANG_WARN_QUOTED_INCLUDE_IN_FRAMEWORK_HEADER = YES;
				CLANG_WARN_RANGE_LOOP_ANALYSIS = YES;
				CLANG_WARN_STRICT_PROTOTYPES = YES;
				CLANG_WARN_SUSPICIOUS_MOVE = YES;
				CLANG_WARN_UNGUARDED_AVAILABILITY = YES_AGGRESSIVE;
				CLANG_WARN_UNREACHABLE_CODE = YES;
				CLANG_WARN__DUPLICATE_METHOD_MATCH = YES;
				COPY_PHASE_STRIP = NO;
				DEBUG_INFORMATION_FORMAT = "dwarf-with-dsym";
				ENABLE_NS_ASSERTIONS = NO;
				ENABLE_STRICT_OBJC_MSGSEND = YES;
				ENABLE_USER_SCRIPT_SANDBOXING = YES;
				GCC_C_LANGUAGE_STANDARD = gnu17;
				GCC_NO_COMMON_BLOCKS = YES;
				GCC_WARN_64_TO_32_BIT_CONVERSION = YES;
				GCC_WARN_ABOUT_RETURN_TYPE = YES_ERROR;
				GCC_WARN_UNDECLARED_SELECTOR = YES;
				GCC_WARN_UNINITIALIZED_AUTOS = YES_AGGRESSIVE;
				GCC_WARN_UNUSED_FUNCTION = YES;
				GCC_WARN_UNUSED_VARIABLE = YES;
				IPHONEOS_DEPLOYMENT_TARGET = 17.5;
				LOCALIZATION_PREFERS_STRING_CATALOGS = YES;
				MTL_ENABLE_DEBUG_INFO = NO;
				MTL_FAST_MATH = YES;
				SDKROOT = iphoneos;
				SWIFT_COMPILATION_MODE = wholemodule;
				VALIDATE_PRODUCT = YES;
			};
			name = Release;
		};
		EF4E99FA2C0EEC7E00DFA40B /* Debug */ = {
			isa = XCBuildConfiguration;
			buildSettings = {
				ASSETCATALOG_COMPILER_APPICON_NAME = AppIcon;
				ASSETCATALOG_COMPILER_GLOBAL_ACCENT_COLOR_NAME = AccentColor;
				CODE_SIGN_STYLE = Automatic;
				CURRENT_PROJECT_VERSION = 1;
				GENERATE_INFOPLIST_FILE = YES;
				INFOPLIST_FILE = "xib-1/Info.plist";
				INFOPLIST_KEY_UIApplicationSupportsIndirectInputEvents = YES;
				INFOPLIST_KEY_UILaunchStoryboardName = LaunchScreen;
				INFOPLIST_KEY_UIMainStoryboardFile = Main;
				INFOPLIST_KEY_UISupportedInterfaceOrientations_iPad = "UIInterfaceOrientationPortrait UIInterfaceOrientationPortraitUpsideDown UIInterfaceOrientationLandscapeLeft UIInterfaceOrientationLandscapeRight";
				INFOPLIST_KEY_UISupportedInterfaceOrientations_iPhone = "UIInterfaceOrientationPortrait UIInterfaceOrientationLandscapeLeft UIInterfaceOrientationLandscapeRight";
				LD_RUNPATH_SEARCH_PATHS = (
					"$(inherited)",
					"@executable_path/Frameworks",
				);
				MARKETING_VERSION = 1.0;
				PRODUCT_BUNDLE_IDENTIFIER = "com.sumit.xib-1";
				PRODUCT_NAME = "$(TARGET_NAME)";
				SWIFT_EMIT_LOC_STRINGS = YES;
				SWIFT_VERSION = 5.0;
				TARGETED_DEVICE_FAMILY = "1,2";
			};
			name = Debug;
		};
		EF4E99FB2C0EEC7E00DFA40B /* Release */ = {
			isa = XCBuildConfiguration;
			buildSettings = {
				ASSETCATALOG_COMPILER_APPICON_NAME = AppIcon;
				ASSETCATALOG_COMPILER_GLOBAL_ACCENT_COLOR_NAME = AccentColor;
				CODE_SIGN_STYLE = Automatic;
				CURRENT_PROJECT_VERSION = 1;
				GENERATE_INFOPLIST_FILE = YES;
				INFOPLIST_FILE = "xib-1/Info.plist";
				INFOPLIST_KEY_UIApplicationSupportsIndirectInputEvents = YES;
				INFOPLIST_KEY_UILaunchStoryboardName = LaunchScreen;
				INFOPLIST_KEY_UIMainStoryboardFile = Main;
				INFOPLIST_KEY_UISupportedInterfaceOrientations_iPad = "UIInterfaceOrientationPortrait UIInterfaceOrientationPortraitUpsideDown UIInterfaceOrientationLandscapeLeft UIInterfaceOrientationLandscapeRight";
				INFOPLIST_KEY_UISupportedInterfaceOrientations_iPhone = "UIInterfaceOrientationPortrait UIInterfaceOrientationLandscapeLeft UIInterfaceOrientationLandscapeRight";
				LD_RUNPATH_SEARCH_PATHS = (
					"$(inherited)",
					"@executable_path/Frameworks",
				);
				MARKETING_VERSION = 1.0;
				PRODUCT_BUNDLE_IDENTIFIER = "com.sumit.xib-1";
				PRODUCT_NAME = "$(TARGET_NAME)";
				SWIFT_EMIT_LOC_STRINGS = YES;
				SWIFT_VERSION = 5.0;
				TARGETED_DEVICE_FAMILY = "1,2";
			};
			name = Release;
		};
/* End XCBuildConfiguration section */

/* Begin XCConfigurationList section */
		EF4E99E02C0EEC7B00DFA40B /* Build configuration list for PBXProject "xib-1" */ = {
			isa = XCConfigurationList;
			buildConfigurations = (
				EF4E99F72C0EEC7E00DFA40B /* Debug */,
				EF4E99F82C0EEC7E00DFA40B /* Release */,
			);
			defaultConfigurationIsVisible = 0;
			defaultConfigurationName = Release;
		};
		EF4E99F92C0EEC7E00DFA40B /* Build configuration list for PBXNativeTarget "xib-1" */ = {
			isa = XCConfigurationList;
			buildConfigurations = (
				EF4E99FA2C0EEC7E00DFA40B /* Debug */,
				EF4E99FB2C0EEC7E00DFA40B /* Release */,
			);
			defaultConfigurationIsVisible = 0;
			defaultConfigurationName = Release;
		};
/* End XCConfigurationList section */
	};
	rootObject = EF4E99DD2C0EEC7B00DFA40B /* Project object */;
}
